
Microsoft Visual Studio Solution File, Format Version 12.00
# Visual Studio Version 16
VisualStudioVersion = 16.0.34601.136
MinimumVisualStudioVersion = 10.0.40219.1
Project("{FAE04EC0-301F-11D3-BF4B-00C04F79EFBC}") = "Tqtbaithigiuaky", "Tqtbaithigiuaky.csproj", "{2C182904-645B-4169-B385-0E3E69F82239}"
EndProject
Global
	GlobalSection(SolutionConfigurationPlatforms) = preSolution
		Debug|Any CPU = Debug|Any CPU
		Release|Any CPU = Release|Any CPU
	EndGlobalSection
	GlobalSection(ProjectConfigurationPlatforms) = postSolution
		{2C182904-645B-4169-B385-0E3E69F82239}.Debug|Any CPU.ActiveCfg = Debug|Any CPU
		{2C182904-645B-4169-B385-0E3E69F82239}.Debug|Any CPU.Build.0 = Debug|Any CPU
		{2C182904-645B-4169-B385-0E3E69F82239}.Release|Any CPU.ActiveCfg = Release|Any CPU
		{2C182904-645B-4169-B385-0E3E69F82239}.Release|Any CPU.Build.0 = Release|Any CPU
	EndGlobalSection
	GlobalSection(SolutionProperties) = preSolution
		HideSolutionNode = FALSE
	EndGlobalSection
	GlobalSection(ExtensibilityGlobals) = postSolution
		SolutionGuid = {5FBE8813-5B40-43E2-B5BA-A38A80F215D2}
	EndGlobalSection
EndGlobal
