
Microsoft Visual Studio Solution File, Format Version 12.00
# Visual Studio Version 16
VisualStudioVersion = 16.0.34601.136
MinimumVisualStudioVersion = 10.0.40219.1
Project("{FAE04EC0-301F-11D3-BF4B-00C04F79EFBC}") = "Tranquangtien", "Tranquangtien.csproj", "{A65A6F47-184E-4902-8326-406207DD13E8}"
EndProject
Global
	GlobalSection(SolutionConfigurationPlatforms) = preSolution
		Debug|Any CPU = Debug|Any CPU
		Release|Any CPU = Release|Any CPU
	EndGlobalSection
	GlobalSection(ProjectConfigurationPlatforms) = postSolution
		{A65A6F47-184E-4902-8326-406207DD13E8}.Debug|Any CPU.ActiveCfg = Debug|Any CPU
		{A65A6F47-184E-4902-8326-406207DD13E8}.Debug|Any CPU.Build.0 = Debug|Any CPU
		{A65A6F47-184E-4902-8326-406207DD13E8}.Release|Any CPU.ActiveCfg = Release|Any CPU
		{A65A6F47-184E-4902-8326-406207DD13E8}.Release|Any CPU.Build.0 = Release|Any CPU
	EndGlobalSection
	GlobalSection(SolutionProperties) = preSolution
		HideSolutionNode = FALSE
	EndGlobalSection
	GlobalSection(ExtensibilityGlobals) = postSolution
		SolutionGuid = {FCA96BD2-3B8B-430B-AC17-F4AEA96C1C49}
	EndGlobalSection
EndGlobal
