
Microsoft Visual Studio Solution File, Format Version 12.00
# Visual Studio Version 17
VisualStudioVersion = 17.9.34701.34
MinimumVisualStudioVersion = 10.0.40219.1
Project("{FAE04EC0-301F-11D3-BF4B-00C04F79EFBC}") = "TvcK22CNT1Lesson11", "TvcK22CNT1Lesson11\TvcK22CNT1Lesson11.csproj", "{2D729059-9060-48F1-B9BC-DBD5CE1DAB9F}"
EndProject
Global
	GlobalSection(SolutionConfigurationPlatforms) = preSolution
		Debug|Any CPU = Debug|Any CPU
		Release|Any CPU = Release|Any CPU
	EndGlobalSection
	GlobalSection(ProjectConfigurationPlatforms) = postSolution
		{2D729059-9060-48F1-B9BC-DBD5CE1DAB9F}.Debug|Any CPU.ActiveCfg = Debug|Any CPU
		{2D729059-9060-48F1-B9BC-DBD5CE1DAB9F}.Debug|Any CPU.Build.0 = Debug|Any CPU
		{2D729059-9060-48F1-B9BC-DBD5CE1DAB9F}.Release|Any CPU.ActiveCfg = Release|Any CPU
		{2D729059-9060-48F1-B9BC-DBD5CE1DAB9F}.Release|Any CPU.Build.0 = Release|Any CPU
	EndGlobalSection
	GlobalSection(SolutionProperties) = preSolution
		HideSolutionNode = FALSE
	EndGlobalSection
	GlobalSection(ExtensibilityGlobals) = postSolution
		SolutionGuid = {0EB8D97A-C6F6-4376-B119-98373A2ACAB3}
	EndGlobalSection
EndGlobal
